
Microsoft Visual Studio Solution File, Format Version 12.00
# Visual Studio 2013
VisualStudioVersion = 12.0.31101.0
MinimumVisualStudioVersion = 10.0.40219.1
Project("{FAE04EC0-301F-11D3-BF4B-00C04F79EFBC}") = "VierGewinnt", "VierGewinnt\VierGewinnt.csproj", "{A461ACD9-3ECD-4ED4-BC69-7FD5B4EC807C}"
EndProject
Project("{FAE04EC0-301F-11D3-BF4B-00C04F79EFBC}") = "VierGewinnt.Network", "VierGewinnt.Network\VierGewinnt.Network.csproj", "{6C08EFDB-4D2F-4FE6-BD84-190CDC64F911}"
EndProject
Project("{FAE04EC0-301F-11D3-BF4B-00C04F79EFBC}") = "VierGewinnt.KI", "VierGewinnt.KI\VierGewinnt.KI.csproj", "{472AA20A-88EE-4F09-AB5F-29241A67008D}"
EndProject
Project("{FAE04EC0-301F-11D3-BF4B-00C04F79EFBC}") = "VierGewinnt.Model", "VierGewinnt.Model\VierGewinnt.Model.csproj", "{A0B789EF-CC60-4C0E-B748-D413C05E3679}"
EndProject
Project("{FAE04EC0-301F-11D3-BF4B-00C04F79EFBC}") = "VierGewinnt.Logic", "VierGewinnt.Logic\VierGewinnt.Logic.csproj", "{D913A06E-F732-4350-A9F4-08287626580D}"
EndProject
Project("{2150E333-8FDC-42A3-9474-1A3956D46DE8}") = "KIs", "KIs", "{7110A5ED-C1C2-4E1F-947E-E58DAA9AAB7D}"
	ProjectSection(SolutionItems) = preProject
		README.txt = README.txt
	EndProjectSection
EndProject
Global
	GlobalSection(SolutionConfigurationPlatforms) = preSolution
		Debug|Any CPU = Debug|Any CPU
		Release|Any CPU = Release|Any CPU
	EndGlobalSection
	GlobalSection(ProjectConfigurationPlatforms) = postSolution
		{A461ACD9-3ECD-4ED4-BC69-7FD5B4EC807C}.Debug|Any CPU.ActiveCfg = Debug|Any CPU
		{A461ACD9-3ECD-4ED4-BC69-7FD5B4EC807C}.Debug|Any CPU.Build.0 = Debug|Any CPU
		{A461ACD9-3ECD-4ED4-BC69-7FD5B4EC807C}.Release|Any CPU.ActiveCfg = Release|Any CPU
		{A461ACD9-3ECD-4ED4-BC69-7FD5B4EC807C}.Release|Any CPU.Build.0 = Release|Any CPU
		{6C08EFDB-4D2F-4FE6-BD84-190CDC64F911}.Debug|Any CPU.ActiveCfg = Debug|Any CPU
		{6C08EFDB-4D2F-4FE6-BD84-190CDC64F911}.Debug|Any CPU.Build.0 = Debug|Any CPU
		{6C08EFDB-4D2F-4FE6-BD84-190CDC64F911}.Release|Any CPU.ActiveCfg = Release|Any CPU
		{6C08EFDB-4D2F-4FE6-BD84-190CDC64F911}.Release|Any CPU.Build.0 = Release|Any CPU
		{472AA20A-88EE-4F09-AB5F-29241A67008D}.Debug|Any CPU.ActiveCfg = Debug|Any CPU
		{472AA20A-88EE-4F09-AB5F-29241A67008D}.Debug|Any CPU.Build.0 = Debug|Any CPU
		{472AA20A-88EE-4F09-AB5F-29241A67008D}.Release|Any CPU.ActiveCfg = Release|Any CPU
		{472AA20A-88EE-4F09-AB5F-29241A67008D}.Release|Any CPU.Build.0 = Release|Any CPU
		{A0B789EF-CC60-4C0E-B748-D413C05E3679}.Debug|Any CPU.ActiveCfg = Debug|Any CPU
		{A0B789EF-CC60-4C0E-B748-D413C05E3679}.Debug|Any CPU.Build.0 = Debug|Any CPU
		{A0B789EF-CC60-4C0E-B748-D413C05E3679}.Release|Any CPU.ActiveCfg = Release|Any CPU
		{A0B789EF-CC60-4C0E-B748-D413C05E3679}.Release|Any CPU.Build.0 = Release|Any CPU
		{D913A06E-F732-4350-A9F4-08287626580D}.Debug|Any CPU.ActiveCfg = Debug|Any CPU
		{D913A06E-F732-4350-A9F4-08287626580D}.Debug|Any CPU.Build.0 = Debug|Any CPU
		{D913A06E-F732-4350-A9F4-08287626580D}.Release|Any CPU.ActiveCfg = Release|Any CPU
		{D913A06E-F732-4350-A9F4-08287626580D}.Release|Any CPU.Build.0 = Release|Any CPU
	EndGlobalSection
	GlobalSection(SolutionProperties) = preSolution
		HideSolutionNode = FALSE
	EndGlobalSection
EndGlobal
